# THIS IS AN AUTOGENERATED FILE. DO NOT EDIT THIS FILE DIRECTLY.
# yarn lockfile v1


embedme@1.1.0:
  version "1.1.0"
  resolved "https://registry.yarnpkg.com/embedme/-/embedme-1.1.0.tgz#3bb2a498c217f8055868722c74b1bab39e0d9600"
  integrity sha512-deaHIEcSsieJ7YWzDPzEkDsR+Wi6QdGLVmLygFm3QvZDwZS+KW8vEepsm28nv70U1SiPOX5UE9CZwQCcG/GTZg==
